
Microsoft Visual Studio Solution File, Format Version 12.00
# Visual Studio Version 16
VisualStudioVersion = 16.0.31019.35
MinimumVisualStudioVersion = 10.0.40219.1
Project("{FAE04EC0-301F-11D3-BF4B-00C04F79EFBC}") = "WpfApp1", "WpfApp1\WpfApp1.csproj", "{1777EFDC-3561-42E0-BA87-8BEEC7D954CF}"
EndProject
Global
	GlobalSection(SolutionConfigurationPlatforms) = preSolution
		Debug|Any CPU = Debug|Any CPU
		Release|Any CPU = Release|Any CPU
	EndGlobalSection
	GlobalSection(ProjectConfigurationPlatforms) = postSolution
		{1777EFDC-3561-42E0-BA87-8BEEC7D954CF}.Debug|Any CPU.ActiveCfg = Debug|Any CPU
		{1777EFDC-3561-42E0-BA87-8BEEC7D954CF}.Debug|Any CPU.Build.0 = Debug|Any CPU
		{1777EFDC-3561-42E0-BA87-8BEEC7D954CF}.Release|Any CPU.ActiveCfg = Release|Any CPU
		{1777EFDC-3561-42E0-BA87-8BEEC7D954CF}.Release|Any CPU.Build.0 = Release|Any CPU
	EndGlobalSection
	GlobalSection(SolutionProperties) = preSolution
		HideSolutionNode = FALSE
	EndGlobalSection
	GlobalSection(ExtensibilityGlobals) = postSolution
		SolutionGuid = {8887F30D-D9EE-4909-B80B-91C9517D95DD}
	EndGlobalSection
EndGlobal
